
Microsoft Visual Studio Solution File, Format Version 12.00
# Visual Studio Version 16
VisualStudioVersion = 16.0.30717.126
MinimumVisualStudioVersion = 10.0.40219.1
Project("{FAE04EC0-301F-11D3-BF4B-00C04F79EFBC}") = "GoldenShelf.Android", "GoldenShelf\GoldenShelf.Android\GoldenShelf.Android.csproj", "{3813F729-1710-421A-8C0F-2000B8436D2B}"
EndProject
Project("{FAE04EC0-301F-11D3-BF4B-00C04F79EFBC}") = "GoldenShelf.iOS", "GoldenShelf\GoldenShelf.iOS\GoldenShelf.iOS.csproj", "{8874776D-00BB-4BFA-97B0-00B347B577DC}"
EndProject
Project("{9A19103F-16F7-4668-BE54-9A1E7A4F7556}") = "GoldenShelf", "GoldenShelf\GoldenShelf\GoldenShelf.csproj", "{197C0D88-6E03-4C20-BE0D-6179C4E846CA}"
EndProject
Global
	GlobalSection(SolutionConfigurationPlatforms) = preSolution
		Debug|Any CPU = Debug|Any CPU
		Debug|iPhone = Debug|iPhone
		Debug|iPhoneSimulator = Debug|iPhoneSimulator
		Release|Any CPU = Release|Any CPU
		Release|iPhone = Release|iPhone
		Release|iPhoneSimulator = Release|iPhoneSimulator
	EndGlobalSection
	GlobalSection(ProjectConfigurationPlatforms) = postSolution
		{3813F729-1710-421A-8C0F-2000B8436D2B}.Debug|Any CPU.ActiveCfg = Debug|Any CPU
		{3813F729-1710-421A-8C0F-2000B8436D2B}.Debug|Any CPU.Build.0 = Debug|Any CPU
		{3813F729-1710-421A-8C0F-2000B8436D2B}.Debug|Any CPU.Deploy.0 = Debug|Any CPU
		{3813F729-1710-421A-8C0F-2000B8436D2B}.Debug|iPhone.ActiveCfg = Debug|Any CPU
		{3813F729-1710-421A-8C0F-2000B8436D2B}.Debug|iPhone.Build.0 = Debug|Any CPU
		{3813F729-1710-421A-8C0F-2000B8436D2B}.Debug|iPhone.Deploy.0 = Debug|Any CPU
		{3813F729-1710-421A-8C0F-2000B8436D2B}.Debug|iPhoneSimulator.ActiveCfg = Debug|Any CPU
		{3813F729-1710-421A-8C0F-2000B8436D2B}.Debug|iPhoneSimulator.Build.0 = Debug|Any CPU
		{3813F729-1710-421A-8C0F-2000B8436D2B}.Debug|iPhoneSimulator.Deploy.0 = Debug|Any CPU
		{3813F729-1710-421A-8C0F-2000B8436D2B}.Release|Any CPU.ActiveCfg = Release|Any CPU
		{3813F729-1710-421A-8C0F-2000B8436D2B}.Release|Any CPU.Build.0 = Release|Any CPU
		{3813F729-1710-421A-8C0F-2000B8436D2B}.Release|Any CPU.Deploy.0 = Release|Any CPU
		{3813F729-1710-421A-8C0F-2000B8436D2B}.Release|iPhone.ActiveCfg = Release|Any CPU
		{3813F729-1710-421A-8C0F-2000B8436D2B}.Release|iPhone.Build.0 = Release|Any CPU
		{3813F729-1710-421A-8C0F-2000B8436D2B}.Release|iPhone.Deploy.0 = Release|Any CPU
		{3813F729-1710-421A-8C0F-2000B8436D2B}.Release|iPhoneSimulator.ActiveCfg = Release|Any CPU
		{3813F729-1710-421A-8C0F-2000B8436D2B}.Release|iPhoneSimulator.Build.0 = Release|Any CPU
		{3813F729-1710-421A-8C0F-2000B8436D2B}.Release|iPhoneSimulator.Deploy.0 = Release|Any CPU
		{8874776D-00BB-4BFA-97B0-00B347B577DC}.Debug|Any CPU.ActiveCfg = Debug|iPhone
		{8874776D-00BB-4BFA-97B0-00B347B577DC}.Debug|Any CPU.Build.0 = Debug|iPhone
		{8874776D-00BB-4BFA-97B0-00B347B577DC}.Debug|Any CPU.Deploy.0 = Debug|iPhone
		{8874776D-00BB-4BFA-97B0-00B347B577DC}.Debug|iPhone.ActiveCfg = Debug|iPhone
		{8874776D-00BB-4BFA-97B0-00B347B577DC}.Debug|iPhone.Build.0 = Debug|iPhone
		{8874776D-00BB-4BFA-97B0-00B347B577DC}.Debug|iPhone.Deploy.0 = Debug|iPhone
		{8874776D-00BB-4BFA-97B0-00B347B577DC}.Debug|iPhoneSimulator.ActiveCfg = Debug|iPhoneSimulator
		{8874776D-00BB-4BFA-97B0-00B347B577DC}.Debug|iPhoneSimulator.Build.0 = Debug|iPhoneSimulator
		{8874776D-00BB-4BFA-97B0-00B347B577DC}.Debug|iPhoneSimulator.Deploy.0 = Debug|iPhoneSimulator
		{8874776D-00BB-4BFA-97B0-00B347B577DC}.Release|Any CPU.ActiveCfg = Release|iPhoneSimulator
		{8874776D-00BB-4BFA-97B0-00B347B577DC}.Release|Any CPU.Build.0 = Release|iPhoneSimulator
		{8874776D-00BB-4BFA-97B0-00B347B577DC}.Release|Any CPU.Deploy.0 = Release|iPhoneSimulator
		{8874776D-00BB-4BFA-97B0-00B347B577DC}.Release|iPhone.ActiveCfg = Release|iPhone
		{8874776D-00BB-4BFA-97B0-00B347B577DC}.Release|iPhone.Build.0 = Release|iPhone
		{8874776D-00BB-4BFA-97B0-00B347B577DC}.Release|iPhone.Deploy.0 = Release|iPhone
		{8874776D-00BB-4BFA-97B0-00B347B577DC}.Release|iPhoneSimulator.ActiveCfg = Release|iPhoneSimulator
		{8874776D-00BB-4BFA-97B0-00B347B577DC}.Release|iPhoneSimulator.Build.0 = Release|iPhoneSimulator
		{8874776D-00BB-4BFA-97B0-00B347B577DC}.Release|iPhoneSimulator.Deploy.0 = Release|iPhoneSimulator
		{197C0D88-6E03-4C20-BE0D-6179C4E846CA}.Debug|Any CPU.ActiveCfg = Debug|Any CPU
		{197C0D88-6E03-4C20-BE0D-6179C4E846CA}.Debug|Any CPU.Build.0 = Debug|Any CPU
		{197C0D88-6E03-4C20-BE0D-6179C4E846CA}.Debug|Any CPU.Deploy.0 = Debug|Any CPU
		{197C0D88-6E03-4C20-BE0D-6179C4E846CA}.Debug|iPhone.ActiveCfg = Debug|Any CPU
		{197C0D88-6E03-4C20-BE0D-6179C4E846CA}.Debug|iPhone.Build.0 = Debug|Any CPU
		{197C0D88-6E03-4C20-BE0D-6179C4E846CA}.Debug|iPhone.Deploy.0 = Debug|Any CPU
		{197C0D88-6E03-4C20-BE0D-6179C4E846CA}.Debug|iPhoneSimulator.ActiveCfg = Debug|Any CPU
		{197C0D88-6E03-4C20-BE0D-6179C4E846CA}.Debug|iPhoneSimulator.Build.0 = Debug|Any CPU
		{197C0D88-6E03-4C20-BE0D-6179C4E846CA}.Debug|iPhoneSimulator.Deploy.0 = Debug|Any CPU
		{197C0D88-6E03-4C20-BE0D-6179C4E846CA}.Release|Any CPU.ActiveCfg = Release|Any CPU
		{197C0D88-6E03-4C20-BE0D-6179C4E846CA}.Release|Any CPU.Build.0 = Release|Any CPU
		{197C0D88-6E03-4C20-BE0D-6179C4E846CA}.Release|Any CPU.Deploy.0 = Release|Any CPU
		{197C0D88-6E03-4C20-BE0D-6179C4E846CA}.Release|iPhone.ActiveCfg = Release|Any CPU
		{197C0D88-6E03-4C20-BE0D-6179C4E846CA}.Release|iPhone.Build.0 = Release|Any CPU
		{197C0D88-6E03-4C20-BE0D-6179C4E846CA}.Release|iPhone.Deploy.0 = Release|Any CPU
		{197C0D88-6E03-4C20-BE0D-6179C4E846CA}.Release|iPhoneSimulator.ActiveCfg = Release|Any CPU
		{197C0D88-6E03-4C20-BE0D-6179C4E846CA}.Release|iPhoneSimulator.Build.0 = Release|Any CPU
		{197C0D88-6E03-4C20-BE0D-6179C4E846CA}.Release|iPhoneSimulator.Deploy.0 = Release|Any CPU
	EndGlobalSection
	GlobalSection(SolutionProperties) = preSolution
		HideSolutionNode = FALSE
	EndGlobalSection
	GlobalSection(ExtensibilityGlobals) = postSolution
		SolutionGuid = {AD2B98B1-F7AE-4CBB-973D-E5D867C50609}
	EndGlobalSection
EndGlobal
